
Microsoft Visual Studio Solution File, Format Version 12.00
# Visual Studio 2012
Project("{FAE04EC0-301F-11D3-BF4B-00C04F79EFBC}") = "TeamChallenge2", "TeamChallenge2\TeamChallenge2.csproj", "{7991117F-BA16-4E5E-801E-DCBD2EEA11ED}"
EndProject
Global
	GlobalSection(SolutionConfigurationPlatforms) = preSolution
		Debug|Any CPU = Debug|Any CPU
		Release|Any CPU = Release|Any CPU
	EndGlobalSection
	GlobalSection(ProjectConfigurationPlatforms) = postSolution
		{7991117F-BA16-4E5E-801E-DCBD2EEA11ED}.Debug|Any CPU.ActiveCfg = Debug|Any CPU
		{7991117F-BA16-4E5E-801E-DCBD2EEA11ED}.Debug|Any CPU.Build.0 = Debug|Any CPU
		{7991117F-BA16-4E5E-801E-DCBD2EEA11ED}.Release|Any CPU.ActiveCfg = Release|Any CPU
		{7991117F-BA16-4E5E-801E-DCBD2EEA11ED}.Release|Any CPU.Build.0 = Release|Any CPU
	EndGlobalSection
	GlobalSection(SolutionProperties) = preSolution
		HideSolutionNode = FALSE
	EndGlobalSection
EndGlobal
